
Microsoft Visual Studio Solution File, Format Version 12.00
# Visual Studio 15
VisualStudioVersion = 15.0.27004.2006
MinimumVisualStudioVersion = 10.0.40219.1
Project("{FAE04EC0-301F-11D3-BF4B-00C04F79EFBC}") = "TaskManager", "TaskManager\TaskManager.csproj", "{EB2E2097-31F2-4593-A45F-6268F105A7BB}"
EndProject
Global
	GlobalSection(SolutionConfigurationPlatforms) = preSolution
		Debug|Any CPU = Debug|Any CPU
		Release|Any CPU = Release|Any CPU
	EndGlobalSection
	GlobalSection(ProjectConfigurationPlatforms) = postSolution
		{EB2E2097-31F2-4593-A45F-6268F105A7BB}.Debug|Any CPU.ActiveCfg = Debug|Any CPU
		{EB2E2097-31F2-4593-A45F-6268F105A7BB}.Debug|Any CPU.Build.0 = Debug|Any CPU
		{EB2E2097-31F2-4593-A45F-6268F105A7BB}.Release|Any CPU.ActiveCfg = Release|Any CPU
		{EB2E2097-31F2-4593-A45F-6268F105A7BB}.Release|Any CPU.Build.0 = Release|Any CPU
	EndGlobalSection
	GlobalSection(SolutionProperties) = preSolution
		HideSolutionNode = FALSE
	EndGlobalSection
	GlobalSection(ExtensibilityGlobals) = postSolution
		SolutionGuid = {8A26D21B-BCDB-41EE-AE41-B5E34D4E72AD}
	EndGlobalSection
EndGlobal
